# This file is automatically @generated by Poetry 1.4.1 and should not be changed by hand.

[[package]]
name = "middleware"
version = "0.2.0"
description = ""
category = "main"
optional = false
python-versions = "^3.10"
files = []
develop = true

[package.source]
type = "directory"
url = "../middleware"

[metadata]
lock-version = "2.0"
python-versions = "^3.10"
content-hash = "da313f7ce6fe280cfef9683a64164e565cdc0c650afbe455f44afc3144bcbbb3"
